
Microsoft Visual Studio Solution File, Format Version 12.00
# Visual Studio Version 17
VisualStudioVersion = 17.3.32804.467
MinimumVisualStudioVersion = 10.0.40219.1
Project("{FAE04EC0-301F-11D3-BF4B-00C04F79EFBC}") = "CsharpPractice", "CsharpPractice\CsharpPractice.csproj", "{A1E0AE1D-BE52-4331-B299-086C20010DCD}"
EndProject
Global
	GlobalSection(SolutionConfigurationPlatforms) = preSolution
		Debug|Any CPU = Debug|Any CPU
		Release|Any CPU = Release|Any CPU
	EndGlobalSection
	GlobalSection(ProjectConfigurationPlatforms) = postSolution
		{A1E0AE1D-BE52-4331-B299-086C20010DCD}.Debug|Any CPU.ActiveCfg = Debug|Any CPU
		{A1E0AE1D-BE52-4331-B299-086C20010DCD}.Debug|Any CPU.Build.0 = Debug|Any CPU
		{A1E0AE1D-BE52-4331-B299-086C20010DCD}.Release|Any CPU.ActiveCfg = Release|Any CPU
		{A1E0AE1D-BE52-4331-B299-086C20010DCD}.Release|Any CPU.Build.0 = Release|Any CPU
	EndGlobalSection
	GlobalSection(SolutionProperties) = preSolution
		HideSolutionNode = FALSE
	EndGlobalSection
	GlobalSection(ExtensibilityGlobals) = postSolution
		SolutionGuid = {12C1D43D-7951-4377-B418-A56EE5022F73}
	EndGlobalSection
EndGlobal
